# THIS IS AN AUTOGENERATED FILE. DO NOT EDIT THIS FILE DIRECTLY.
# yarn lockfile v1


mdast-util-heading-range@^2.1.2:
  version "2.1.2"
  resolved "https://registry.yarnpkg.com/mdast-util-heading-range/-/mdast-util-heading-range-2.1.2.tgz#eccd6ff96d6231227c8456acd05c4e1b8e7f4c79"
  integrity sha512-Zif68w/iFthWHYbCoT+R3Kb5arOzWriIw4Kc2pPmJNgKfmcsBZqc60zN8Kr3+cNlGyS6wJz/v4oJLy9Jm06C5g==
  dependencies:
    mdast-util-to-string "^1.0.0"

mdast-util-to-string@^1.0.0:
  version "1.0.5"
  resolved "https://registry.yarnpkg.com/mdast-util-to-string/-/mdast-util-to-string-1.0.5.tgz#3552b05428af22ceda34f156afe62ec8e6d731ca"
  integrity sha512-2qLt/DEOo5F6nc2VFScQiHPzQ0XXcabquRJxKMhKte8nt42o08HUxNDPk7tt0YPxnWjAT11I1SYi0X0iPnfI5A==

prettier@^1.16.3:
  version "1.16.3"
  resolved "https://registry.yarnpkg.com/prettier/-/prettier-1.16.3.tgz#8c62168453badef702f34b45b6ee899574a6a65d"
  integrity sha512-kn/GU6SMRYPxUakNXhpP0EedT/KmaPzr0H5lIsDogrykbaxOpOfAFfk5XA7DZrJyMAv1wlMV3CPcZruGXVVUZw==

unist-util-generated@^1.1.3:
  version "1.1.3"
  resolved "https://registry.yarnpkg.com/unist-util-generated/-/unist-util-generated-1.1.3.tgz#ca650470aef2fbcc5fe54c465bc26b41ca109e2b"
  integrity sha512-qlPeDqnQnd84KIqwphzOR+l02cxjDzvEYEBl84EjmKRrX4eUmjyAo8xJv1SCDhJqNjyHRnBMZWNKAiBtXE6hBg==

unist-util-is@^2.1.2:
  version "2.1.2"
  resolved "https://registry.yarnpkg.com/unist-util-is/-/unist-util-is-2.1.2.tgz#1193fa8f2bfbbb82150633f3a8d2eb9a1c1d55db"
  integrity sha512-YkXBK/H9raAmG7KXck+UUpnKiNmUdB+aBGrknfQ4EreE1banuzrKABx3jP6Z5Z3fMSPMQQmeXBlKpCbMwBkxVw==

unist-util-remove-position@^1.1.2:
  version "1.1.2"
  resolved "https://registry.yarnpkg.com/unist-util-remove-position/-/unist-util-remove-position-1.1.2.tgz#86b5dad104d0bbfbeb1db5f5c92f3570575c12cb"
  integrity sha512-XxoNOBvq1WXRKXxgnSYbtCF76TJrRoe5++pD4cCBsssSiWSnPEktyFrFLE8LTk3JW5mt9hB0Sk5zn4x/JeWY7Q==
  dependencies:
    unist-util-visit "^1.1.0"

unist-util-visit-parents@^2.0.0:
  version "2.0.1"
  resolved "https://registry.yarnpkg.com/unist-util-visit-parents/-/unist-util-visit-parents-2.0.1.tgz#63fffc8929027bee04bfef7d2cce474f71cb6217"
  integrity sha512-6B0UTiMfdWql4cQ03gDTCSns+64Zkfo2OCbK31Ov0uMizEz+CJeAp0cgZVb5Fhmcd7Bct2iRNywejT0orpbqUA==
  dependencies:
    unist-util-is "^2.1.2"

unist-util-visit@^1.1.0, unist-util-visit@^1.4.0:
  version "1.4.0"
  resolved "https://registry.yarnpkg.com/unist-util-visit/-/unist-util-visit-1.4.0.tgz#1cb763647186dc26f5e1df5db6bd1e48b3cc2fb1"
  integrity sha512-FiGu34ziNsZA3ZUteZxSFaczIjGmksfSgdKqBfOejrrfzyUy5b7YrlzT1Bcvi+djkYDituJDy2XB7tGTeBieKw==
  dependencies:
    unist-util-visit-parents "^2.0.0"
